// !$*UTF8*$!
{
	archiveVersion = 1;
	classes = {
	};
	objectVersion = 50;
	objects = {

/* Begin PBXBuildFile section */
		A2A6C44522E232EA0055DAA1 /* AppDelegate.swift in Sources */ = {isa = PBXBuildFile; fileRef = A2A6C44422E232EA0055DAA1 /* AppDelegate.swift */; };
		A2A6C44722E232EA0055DAA1 /* ViewController.swift in Sources */ = {isa = PBXBuildFile; fileRef = A2A6C44622E232EA0055DAA1 /* ViewController.swift */; };
		A2A6C44A22E232EA0055DAA1 /* Main.storyboard in Resources */ = {isa = PBXBuildFile; fileRef = A2A6C44822E232EA0055DAA1 /* Main.storyboard */; };
		A2A6C44C22E232EA0055DAA1 /* Assets.xcassets in Resources */ = {isa = PBXBuildFile; fileRef = A2A6C44B22E232EA0055DAA1 /* Assets.xcassets */; };
		A2A6C44F22E232EA0055DAA1 /* LaunchScreen.storyboard in Resources */ = {isa = PBXBuildFile; fileRef = A2A6C44D22E232EA0055DAA1 /* LaunchScreen.storyboard */; };
		A2A6C45722E233470055DAA1 /* StoryViewController.swift in Sources */ = {isa = PBXBuildFile; fileRef = A2A6C45622E233470055DAA1 /* StoryViewController.swift */; };
		A2A6C45922E234CC0055DAA1 /* ChoicesTableViewController.swift in Sources */ = {isa = PBXBuildFile; fileRef = A2A6C45822E234CC0055DAA1 /* ChoicesTableViewController.swift */; };
		A2A6C45B22E246710055DAA1 /* SelfSizedTableView.swift in Sources */ = {isa = PBXBuildFile; fileRef = A2A6C45A22E246710055DAA1 /* SelfSizedTableView.swift */; };
		A2A6C45D22E24AED0055DAA1 /* Player.swift in Sources */ = {isa = PBXBuildFile; fileRef = A2A6C45C22E24AED0055DAA1 /* Player.swift */; };
		A2A6C45F22E262DD0055DAA1 /* StoryTreeNode.swift in Sources */ = {isa = PBXBuildFile; fileRef = A2A6C45E22E262DD0055DAA1 /* StoryTreeNode.swift */; };
		A2A6C46122E265940055DAA1 /* SceneLinkedList.swift in Sources */ = {isa = PBXBuildFile; fileRef = A2A6C46022E265940055DAA1 /* SceneLinkedList.swift */; };
		A2A6C46322E266B80055DAA1 /* StoryTree.swift in Sources */ = {isa = PBXBuildFile; fileRef = A2A6C46222E266B80055DAA1 /* StoryTree.swift */; };
		A2A6C46522E268790055DAA1 /* StatsViewController.swift in Sources */ = {isa = PBXBuildFile; fileRef = A2A6C46422E268790055DAA1 /* StatsViewController.swift */; };
/* End PBXBuildFile section */

/* Begin PBXFileReference section */
		A2A6C44122E232EA0055DAA1 /* MexicanTreasure.app */ = {isa = PBXFileReference; explicitFileType = wrapper.application; includeInIndex = 0; path = MexicanTreasure.app; sourceTree = BUILT_PRODUCTS_DIR; };
		A2A6C44422E232EA0055DAA1 /* AppDelegate.swift */ = {isa = PBXFileReference; lastKnownFileType = sourcecode.swift; path = AppDelegate.swift; sourceTree = "<group>"; };
		A2A6C44622E232EA0055DAA1 /* ViewController.swift */ = {isa = PBXFileReference; lastKnownFileType = sourcecode.swift; path = ViewController.swift; sourceTree = "<group>"; };
		A2A6C44922E232EA0055DAA1 /* Base */ = {isa = PBXFileReference; lastKnownFileType = file.storyboard; name = Base; path = Base.lproj/Main.storyboard; sourceTree = "<group>"; };
		A2A6C44B22E232EA0055DAA1 /* Assets.xcassets */ = {isa = PBXFileReference; lastKnownFileType = folder.assetcatalog; path = Assets.xcassets; sourceTree = "<group>"; };
		A2A6C44E22E232EA0055DAA1 /* Base */ = {isa = PBXFileReference; lastKnownFileType = file.storyboard; name = Base; path = Base.lproj/LaunchScreen.storyboard; sourceTree = "<group>"; };
		A2A6C45022E232EA0055DAA1 /* Info.plist */ = {isa = PBXFileReference; lastKnownFileType = text.plist.xml; path = Info.plist; sourceTree = "<group>"; };
		A2A6C45622E233470055DAA1 /* StoryViewController.swift */ = {isa = PBXFileReference; lastKnownFileType = sourcecode.swift; path = StoryViewController.swift; sourceTree = "<group>"; };
		A2A6C45822E234CC0055DAA1 /* ChoicesTableViewController.swift */ = {isa = PBXFileReference; lastKnownFileType = sourcecode.swift; path = ChoicesTableViewController.swift; sourceTree = "<group>"; };
		A2A6C45A22E246710055DAA1 /* SelfSizedTableView.swift */ = {isa = PBXFileReference; lastKnownFileType = sourcecode.swift; path = SelfSizedTableView.swift; sourceTree = "<group>"; };
		A2A6C45C22E24AED0055DAA1 /* Player.swift */ = {isa = PBXFileReference; lastKnownFileType = sourcecode.swift; path = Player.swift; sourceTree = "<group>"; };
		A2A6C45E22E262DD0055DAA1 /* StoryTreeNode.swift */ = {isa = PBXFileReference; lastKnownFileType = sourcecode.swift; path = StoryTreeNode.swift; sourceTree = "<group>"; };
		A2A6C46022E265940055DAA1 /* SceneLinkedList.swift */ = {isa = PBXFileReference; lastKnownFileType = sourcecode.swift; path = SceneLinkedList.swift; sourceTree = "<group>"; };
		A2A6C46222E266B80055DAA1 /* StoryTree.swift */ = {isa = PBXFileReference; lastKnownFileType = sourcecode.swift; path = StoryTree.swift; sourceTree = "<group>"; };
		A2A6C46422E268790055DAA1 /* StatsViewController.swift */ = {isa = PBXFileReference; lastKnownFileType = sourcecode.swift; path = StatsViewController.swift; sourceTree = "<group>"; };
/* End PBXFileReference section */

/* Begin PBXFrameworksBuildPhase section */
		A2A6C43E22E232EA0055DAA1 /* Frameworks */ = {
			isa = PBXFrameworksBuildPhase;
			buildActionMask = 2147483647;
			files = (
			);
			runOnlyForDeploymentPostprocessing = 0;
		};
/* End PBXFrameworksBuildPhase section */

/* Begin PBXGroup section */
		A2A6C43822E232EA0055DAA1 = {
			isa = PBXGroup;
			children = (
				A2A6C44322E232EA0055DAA1 /* MexicanTreasure */,
				A2A6C44222E232EA0055DAA1 /* Products */,
			);
			sourceTree = "<group>";
		};
		A2A6C44222E232EA0055DAA1 /* Products */ = {
			isa = PBXGroup;
			children = (
				A2A6C44122E232EA0055DAA1 /* MexicanTreasure.app */,
			);
			name = Products;
			sourceTree = "<group>";
		};
		A2A6C44322E232EA0055DAA1 /* MexicanTreasure */ = {
			isa = PBXGroup;
			children = (
				A2A6C44422E232EA0055DAA1 /* AppDelegate.swift */,
				A2A6C44622E232EA0055DAA1 /* ViewController.swift */,
				A2A6C44822E232EA0055DAA1 /* Main.storyboard */,
				A2A6C45622E233470055DAA1 /* StoryViewController.swift */,
				A2A6C46422E268790055DAA1 /* StatsViewController.swift */,
				A2A6C45C22E24AED0055DAA1 /* Player.swift */,
				A2A6C45E22E262DD0055DAA1 /* StoryTreeNode.swift */,
				A2A6C46222E266B80055DAA1 /* StoryTree.swift */,
				A2A6C46022E265940055DAA1 /* SceneLinkedList.swift */,
				A2A6C45A22E246710055DAA1 /* SelfSizedTableView.swift */,
				A2A6C45822E234CC0055DAA1 /* ChoicesTableViewController.swift */,
				A2A6C44B22E232EA0055DAA1 /* Assets.xcassets */,
				A2A6C44D22E232EA0055DAA1 /* LaunchScreen.storyboard */,
				A2A6C45022E232EA0055DAA1 /* Info.plist */,
			);
			path = MexicanTreasure;
			sourceTree = "<group>";
		};
/* End PBXGroup section */

/* Begin PBXNativeTarget section */
		A2A6C44022E232EA0055DAA1 /* MexicanTreasure */ = {
			isa = PBXNativeTarget;
			buildConfigurationList = A2A6C45322E232EA0055DAA1 /* Build configuration list for PBXNativeTarget "MexicanTreasure" */;
			buildPhases = (
				A2A6C43D22E232EA0055DAA1 /* Sources */,
				A2A6C43E22E232EA0055DAA1 /* Frameworks */,
				A2A6C43F22E232EA0055DAA1 /* Resources */,
			);
			buildRules = (
			);
			dependencies = (
			);
			name = MexicanTreasure;
			productName = MexicanTreasure;
			productReference = A2A6C44122E232EA0055DAA1 /* MexicanTreasure.app */;
			productType = "com.apple.product-type.application";
		};
/* End PBXNativeTarget section */

/* Begin PBXProject section */
		A2A6C43922E232EA0055DAA1 /* Project object */ = {
			isa = PBXProject;
			attributes = {
				LastSwiftUpdateCheck = 1020;
				LastUpgradeCheck = 1020;
				ORGANIZATIONNAME = "Austin Cole";
				TargetAttributes = {
					A2A6C44022E232EA0055DAA1 = {
						CreatedOnToolsVersion = 10.2;
					};
				};
			};
			buildConfigurationList = A2A6C43C22E232EA0055DAA1 /* Build configuration list for PBXProject "MexicanTreasure" */;
			compatibilityVersion = "Xcode 9.3";
			developmentRegion = en;
			hasScannedForEncodings = 0;
			knownRegions = (
				en,
				Base,
			);
			mainGroup = A2A6C43822E232EA0055DAA1;
			productRefGroup = A2A6C44222E232EA0055DAA1 /* Products */;
			projectDirPath = "";
			projectRoot = "";
			targets = (
				A2A6C44022E232EA0055DAA1 /* MexicanTreasure */,
			);
		};
/* End PBXProject section */

/* Begin PBXResourcesBuildPhase section */
		A2A6C43F22E232EA0055DAA1 /* Resources */ = {
			isa = PBXResourcesBuildPhase;
			buildActionMask = 2147483647;
			files = (
				A2A6C44F22E232EA0055DAA1 /* LaunchScreen.storyboard in Resources */,
				A2A6C44C22E232EA0055DAA1 /* Assets.xcassets in Resources */,
				A2A6C44A22E232EA0055DAA1 /* Main.storyboard in Resources */,
			);
			runOnlyForDeploymentPostprocessing = 0;
		};
/* End PBXResourcesBuildPhase section */

/* Begin PBXSourcesBuildPhase section */
		A2A6C43D22E232EA0055DAA1 /* Sources */ = {
			isa = PBXSourcesBuildPhase;
			buildActionMask = 2147483647;
			files = (
				A2A6C45922E234CC0055DAA1 /* ChoicesTableViewController.swift in Sources */,
				A2A6C45722E233470055DAA1 /* StoryViewController.swift in Sources */,
				A2A6C46122E265940055DAA1 /* SceneLinkedList.swift in Sources */,
				A2A6C44722E232EA0055DAA1 /* ViewController.swift in Sources */,
				A2A6C46322E266B80055DAA1 /* StoryTree.swift in Sources */,
				A2A6C45B22E246710055DAA1 /* SelfSizedTableView.swift in Sources */,
				A2A6C45F22E262DD0055DAA1 /* StoryTreeNode.swift in Sources */,
				A2A6C45D22E24AED0055DAA1 /* Player.swift in Sources */,
				A2A6C46522E268790055DAA1 /* StatsViewController.swift in Sources */,
				A2A6C44522E232EA0055DAA1 /* AppDelegate.swift in Sources */,
			);
			runOnlyForDeploymentPostprocessing = 0;
		};
/* End PBXSourcesBuildPhase section */

/* Begin PBXVariantGroup section */
		A2A6C44822E232EA0055DAA1 /* Main.storyboard */ = {
			isa = PBXVariantGroup;
			children = (
				A2A6C44922E232EA0055DAA1 /* Base */,
			);
			name = Main.storyboard;
			sourceTree = "<group>";
		};
		A2A6C44D22E232EA0055DAA1 /* LaunchScreen.storyboard */ = {
			isa = PBXVariantGroup;
			children = (
				A2A6C44E22E232EA0055DAA1 /* Base */,
			);
			name = LaunchScreen.storyboard;
			sourceTree = "<group>";
		};
/* End PBXVariantGroup section */

/* Begin XCBuildConfiguration section */
		A2A6C45122E232EA0055DAA1 /* Debug */ = {
			isa = XCBuildConfiguration;
			buildSettings = {
				ALWAYS_SEARCH_USER_PATHS = NO;
				CLANG_ANALYZER_NONNULL = YES;
				CLANG_ANALYZER_NUMBER_OBJECT_CONVERSION = YES_AGGRESSIVE;
				CLANG_CXX_LANGUAGE_STANDARD = "gnu++14";
				CLANG_CXX_LIBRARY = "libc++";
				CLANG_ENABLE_MODULES = YES;
				CLANG_ENABLE_OBJC_ARC = YES;
				CLANG_ENABLE_OBJC_WEAK = YES;
				CLANG_WARN_BLOCK_CAPTURE_AUTORELEASING = YES;
				CLANG_WARN_BOOL_CONVERSION = YES;
				CLANG_WARN_COMMA = YES;
				CLANG_WARN_CONSTANT_CONVERSION = YES;
				CLANG_WARN_DEPRECATED_OBJC_IMPLEMENTATIONS = YES;
				CLANG_WARN_DIRECT_OBJC_ISA_USAGE = YES_ERROR;
				CLANG_WARN_DOCUMENTATION_COMMENTS = YES;
				CLANG_WARN_EMPTY_BODY = YES;
				CLANG_WARN_ENUM_CONVERSION = YES;
				CLANG_WARN_INFINITE_RECURSION = YES;
				CLANG_WARN_INT_CONVERSION = YES;
				CLANG_WARN_NON_LITERAL_NULL_CONVERSION = YES;
				CLANG_WARN_OBJC_IMPLICIT_RETAIN_SELF = YES;
				CLANG_WARN_OBJC_LITERAL_CONVERSION = YES;
				CLANG_WARN_OBJC_ROOT_CLASS = YES_ERROR;
				CLANG_WARN_RANGE_LOOP_ANALYSIS = YES;
				CLANG_WARN_STRICT_PROTOTYPES = YES;
				CLANG_WARN_SUSPICIOUS_MOVE = YES;
				CLANG_WARN_UNGUARDED_AVAILABILITY = YES_AGGRESSIVE;
				CLANG_WARN_UNREACHABLE_CODE = YES;
				CLANG_WARN__DUPLICATE_METHOD_MATCH = YES;
				CODE_SIGN_IDENTITY = "iPhone Developer";
				COPY_PHASE_STRIP = NO;
				DEBUG_INFORMATION_FORMAT = dwarf;
				ENABLE_STRICT_OBJC_MSGSEND = YES;
				ENABLE_TESTABILITY = YES;
				GCC_C_LANGUAGE_STANDARD = gnu11;
				GCC_DYNAMIC_NO_PIC = NO;
				GCC_NO_COMMON_BLOCKS = YES;
				GCC_OPTIMIZATION_LEVEL = 0;
				GCC_PREPROCESSOR_DEFINITIONS = (
					"DEBUG=1",
					"$(inherited)",
				);
				GCC_WARN_64_TO_32_BIT_CONVERSION = YES;
				GCC_WARN_ABOUT_RETURN_TYPE = YES_ERROR;
				GCC_WARN_UNDECLARED_SELECTOR = YES;
				GCC_WARN_UNINITIALIZED_AUTOS = YES_AGGRESSIVE;
				GCC_WARN_UNUSED_FUNCTION = YES;
				GCC_WARN_UNUSED_VARIABLE = YES;
				IPHONEOS_DEPLOYMENT_TARGET = 12.2;
				MTL_ENABLE_DEBUG_INFO = INCLUDE_SOURCE;
				MTL_FAST_MATH = YES;
				ONLY_ACTIVE_ARCH = YES;
				SDKROOT = iphoneos;
				SWIFT_ACTIVE_COMPILATION_CONDITIONS = DEBUG;
				SWIFT_OPTIMIZATION_LEVEL = "-Onone";
			};
			name = Debug;
		};
		A2A6C45222E232EA0055DAA1 /* Release */ = {
			isa = XCBuildConfiguration;
			buildSettings = {
				ALWAYS_SEARCH_USER_PATHS = NO;
				CLANG_ANALYZER_NONNULL = YES;
				CLANG_ANALYZER_NUMBER_OBJECT_CONVERSION = YES_AGGRESSIVE;
				CLANG_CXX_LANGUAGE_STANDARD = "gnu++14";
				CLANG_CXX_LIBRARY = "libc++";
				CLANG_ENABLE_MODULES = YES;
				CLANG_ENABLE_OBJC_ARC = YES;
				CLANG_ENABLE_OBJC_WEAK = YES;
				CLANG_WARN_BLOCK_CAPTURE_AUTORELEASING = YES;
				CLANG_WARN_BOOL_CONVERSION = YES;
				CLANG_WARN_COMMA = YES;
				CLANG_WARN_CONSTANT_CONVERSION = YES;
				CLANG_WARN_DEPRECATED_OBJC_IMPLEMENTATIONS = YES;
				CLANG_WARN_DIRECT_OBJC_ISA_USAGE = YES_ERROR;
				CLANG_WARN_DOCUMENTATION_COMMENTS = YES;
				CLANG_WARN_EMPTY_BODY = YES;
				CLANG_WARN_ENUM_CONVERSION = YES;
				CLANG_WARN_INFINITE_RECURSION = YES;
				CLANG_WARN_INT_CONVERSION = YES;
				CLANG_WARN_NON_LITERAL_NULL_CONVERSION = YES;
				CLANG_WARN_OBJC_IMPLICIT_RETAIN_SELF = YES;
				CLANG_WARN_OBJC_LITERAL_CONVERSION = YES;
				CLANG_WARN_OBJC_ROOT_CLASS = YES_ERROR;
				CLANG_WARN_RANGE_LOOP_ANALYSIS = YES;
				CLANG_WARN_STRICT_PROTOTYPES = YES;
				CLANG_WARN_SUSPICIOUS_MOVE = YES;
				CLANG_WARN_UNGUARDED_AVAILABILITY = YES_AGGRESSIVE;
				CLANG_WARN_UNREACHABLE_CODE = YES;
				CLANG_WARN__DUPLICATE_METHOD_MATCH = YES;
				CODE_SIGN_IDENTITY = "iPhone Developer";
				COPY_PHASE_STRIP = NO;
				DEBUG_INFORMATION_FORMAT = "dwarf-with-dsym";
				ENABLE_NS_ASSERTIONS = NO;
				ENABLE_STRICT_OBJC_MSGSEND = YES;
				GCC_C_LANGUAGE_STANDARD = gnu11;
				GCC_NO_COMMON_BLOCKS = YES;
				GCC_WARN_64_TO_32_BIT_CONVERSION = YES;
				GCC_WARN_ABOUT_RETURN_TYPE = YES_ERROR;
				GCC_WARN_UNDECLARED_SELECTOR = YES;
				GCC_WARN_UNINITIALIZED_AUTOS = YES_AGGRESSIVE;
				GCC_WARN_UNUSED_FUNCTION = YES;
				GCC_WARN_UNUSED_VARIABLE = YES;
				IPHONEOS_DEPLOYMENT_TARGET = 12.2;
				MTL_ENABLE_DEBUG_INFO = NO;
				MTL_FAST_MATH = YES;
				SDKROOT = iphoneos;
				SWIFT_COMPILATION_MODE = wholemodule;
				SWIFT_OPTIMIZATION_LEVEL = "-O";
				VALIDATE_PRODUCT = YES;
			};
			name = Release;
		};
		A2A6C45422E232EA0055DAA1 /* Debug */ = {
			isa = XCBuildConfiguration;
			buildSettings = {
				ASSETCATALOG_COMPILER_APPICON_NAME = AppIcon;
				CODE_SIGN_STYLE = Automatic;
				DEVELOPMENT_TEAM = GM5F836QJV;
				INFOPLIST_FILE = MexicanTreasure/Info.plist;
				LD_RUNPATH_SEARCH_PATHS = (
					"$(inherited)",
					"@executable_path/Frameworks",
				);
				PRODUCT_BUNDLE_IDENTIFIER = com.AustinCole.MexicanTreasure;
				PRODUCT_NAME = "$(TARGET_NAME)";
				SWIFT_VERSION = 5.0;
				TARGETED_DEVICE_FAMILY = "1,2";
			};
			name = Debug;
		};
		A2A6C45522E232EA0055DAA1 /* Release */ = {
			isa = XCBuildConfiguration;
			buildSettings = {
				ASSETCATALOG_COMPILER_APPICON_NAME = AppIcon;
				CODE_SIGN_STYLE = Automatic;
				DEVELOPMENT_TEAM = GM5F836QJV;
				INFOPLIST_FILE = MexicanTreasure/Info.plist;
				LD_RUNPATH_SEARCH_PATHS = (
					"$(inherited)",
					"@executable_path/Frameworks",
				);
				PRODUCT_BUNDLE_IDENTIFIER = com.AustinCole.MexicanTreasure;
				PRODUCT_NAME = "$(TARGET_NAME)";
				SWIFT_VERSION = 5.0;
				TARGETED_DEVICE_FAMILY = "1,2";
			};
			name = Release;
		};
/* End XCBuildConfiguration section */

/* Begin XCConfigurationList section */
		A2A6C43C22E232EA0055DAA1 /* Build configuration list for PBXProject "MexicanTreasure" */ = {
			isa = XCConfigurationList;
			buildConfigurations = (
				A2A6C45122E232EA0055DAA1 /* Debug */,
				A2A6C45222E232EA0055DAA1 /* Release */,
			);
			defaultConfigurationIsVisible = 0;
			defaultConfigurationName = Release;
		};
		A2A6C45322E232EA0055DAA1 /* Build configuration list for PBXNativeTarget "MexicanTreasure" */ = {
			isa = XCConfigurationList;
			buildConfigurations = (
				A2A6C45422E232EA0055DAA1 /* Debug */,
				A2A6C45522E232EA0055DAA1 /* Release */,
			);
			defaultConfigurationIsVisible = 0;
			defaultConfigurationName = Release;
		};
/* End XCConfigurationList section */
	};
	rootObject = A2A6C43922E232EA0055DAA1 /* Project object */;
}
